
Microsoft Visual Studio Solution File, Format Version 12.00
# Visual Studio 15
VisualStudioVersion = 15.0.28010.2016
MinimumVisualStudioVersion = 10.0.40219.1
Project("{FAE04EC0-301F-11D3-BF4B-00C04F79EFBC}") = "SyncTests", "SyncTests\SyncTests.csproj", "{9B883BE4-14FB-4973-8E4C-80B1CA9D05E3}"
EndProject
Project("{FAE04EC0-301F-11D3-BF4B-00C04F79EFBC}") = "WindowsFormsApp4", "WindowsFormsApp4\WindowsFormsApp4.csproj", "{0B232EB0-36CF-4B0E-889A-C30716A52304}"
EndProject
Global
	GlobalSection(SolutionConfigurationPlatforms) = preSolution
		Debug|Any CPU = Debug|Any CPU
		Release|Any CPU = Release|Any CPU
	EndGlobalSection
	GlobalSection(ProjectConfigurationPlatforms) = postSolution
		{9B883BE4-14FB-4973-8E4C-80B1CA9D05E3}.Debug|Any CPU.ActiveCfg = Debug|Any CPU
		{9B883BE4-14FB-4973-8E4C-80B1CA9D05E3}.Debug|Any CPU.Build.0 = Debug|Any CPU
		{9B883BE4-14FB-4973-8E4C-80B1CA9D05E3}.Release|Any CPU.ActiveCfg = Release|Any CPU
		{9B883BE4-14FB-4973-8E4C-80B1CA9D05E3}.Release|Any CPU.Build.0 = Release|Any CPU
		{0B232EB0-36CF-4B0E-889A-C30716A52304}.Debug|Any CPU.ActiveCfg = Debug|Any CPU
		{0B232EB0-36CF-4B0E-889A-C30716A52304}.Debug|Any CPU.Build.0 = Debug|Any CPU
		{0B232EB0-36CF-4B0E-889A-C30716A52304}.Release|Any CPU.ActiveCfg = Release|Any CPU
		{0B232EB0-36CF-4B0E-889A-C30716A52304}.Release|Any CPU.Build.0 = Release|Any CPU
	EndGlobalSection
	GlobalSection(SolutionProperties) = preSolution
		HideSolutionNode = FALSE
	EndGlobalSection
	GlobalSection(ExtensibilityGlobals) = postSolution
		SolutionGuid = {D78A4EED-7B64-46AD-ACE5-F3F485C4D099}
	EndGlobalSection
EndGlobal
